// !$*UTF8*$!
{
	archiveVersion = 1;
	classes = {
	};
	objectVersion = 46;
	objects = {

/* Begin PBXBuildFile section */
		3F749F6F1E41D03900165D12 /* AppDelegate.swift in Sources */ = {isa = PBXBuildFile; fileRef = 3F749F6E1E41D03900165D12 /* AppDelegate.swift */; };
		3F749F711E41D03900165D12 /* ViewController.swift in Sources */ = {isa = PBXBuildFile; fileRef = 3F749F701E41D03900165D12 /* ViewController.swift */; };
		3F749F741E41D03900165D12 /* Main.storyboard in Resources */ = {isa = PBXBuildFile; fileRef = 3F749F721E41D03900165D12 /* Main.storyboard */; };
		3F749F761E41D03900165D12 /* Assets.xcassets in Resources */ = {isa = PBXBuildFile; fileRef = 3F749F751E41D03900165D12 /* Assets.xcassets */; };
		3F749F791E41D03900165D12 /* LaunchScreen.storyboard in Resources */ = {isa = PBXBuildFile; fileRef = 3F749F771E41D03900165D12 /* LaunchScreen.storyboard */; };
		3F749F841E41D03900165D12 /* Assignment07Tests.swift in Sources */ = {isa = PBXBuildFile; fileRef = 3F749F831E41D03900165D12 /* Assignment07Tests.swift */; };
		3F749F8F1E41D03900165D12 /* Assignment07UITests.swift in Sources */ = {isa = PBXBuildFile; fileRef = 3F749F8E1E41D03900165D12 /* Assignment07UITests.swift */; };
/* End PBXBuildFile section */

/* Begin PBXContainerItemProxy section */
		3F749F801E41D03900165D12 /* PBXContainerItemProxy */ = {
			isa = PBXContainerItemProxy;
			containerPortal = 3F749F631E41D03900165D12 /* Project object */;
			proxyType = 1;
			remoteGlobalIDString = 3F749F6A1E41D03900165D12;
			remoteInfo = Assignment07;
		};
		3F749F8B1E41D03900165D12 /* PBXContainerItemProxy */ = {
			isa = PBXContainerItemProxy;
			containerPortal = 3F749F631E41D03900165D12 /* Project object */;
			proxyType = 1;
			remoteGlobalIDString = 3F749F6A1E41D03900165D12;
			remoteInfo = Assignment07;
		};
/* End PBXContainerItemProxy section */

/* Begin PBXFileReference section */
		3F749F6B1E41D03900165D12 /* Assignment07.app */ = {isa = PBXFileReference; explicitFileType = wrapper.application; includeInIndex = 0; path = Assignment07.app; sourceTree = BUILT_PRODUCTS_DIR; };
		3F749F6E1E41D03900165D12 /* AppDelegate.swift */ = {isa = PBXFileReference; lastKnownFileType = sourcecode.swift; path = AppDelegate.swift; sourceTree = "<group>"; };
		3F749F701E41D03900165D12 /* ViewController.swift */ = {isa = PBXFileReference; lastKnownFileType = sourcecode.swift; path = ViewController.swift; sourceTree = "<group>"; };
		3F749F731E41D03900165D12 /* Base */ = {isa = PBXFileReference; lastKnownFileType = file.storyboard; name = Base; path = Base.lproj/Main.storyboard; sourceTree = "<group>"; };
		3F749F751E41D03900165D12 /* Assets.xcassets */ = {isa = PBXFileReference; lastKnownFileType = folder.assetcatalog; path = Assets.xcassets; sourceTree = "<group>"; };
		3F749F781E41D03900165D12 /* Base */ = {isa = PBXFileReference; lastKnownFileType = file.storyboard; name = Base; path = Base.lproj/LaunchScreen.storyboard; sourceTree = "<group>"; };
		3F749F7A1E41D03900165D12 /* Info.plist */ = {isa = PBXFileReference; lastKnownFileType = text.plist.xml; path = Info.plist; sourceTree = "<group>"; };
		3F749F7F1E41D03900165D12 /* Assignment07Tests.xctest */ = {isa = PBXFileReference; explicitFileType = wrapper.cfbundle; includeInIndex = 0; path = Assignment07Tests.xctest; sourceTree = BUILT_PRODUCTS_DIR; };
		3F749F831E41D03900165D12 /* Assignment07Tests.swift */ = {isa = PBXFileReference; lastKnownFileType = sourcecode.swift; path = Assignment07Tests.swift; sourceTree = "<group>"; };
		3F749F851E41D03900165D12 /* Info.plist */ = {isa = PBXFileReference; lastKnownFileType = text.plist.xml; path = Info.plist; sourceTree = "<group>"; };
		3F749F8A1E41D03900165D12 /* Assignment07UITests.xctest */ = {isa = PBXFileReference; explicitFileType = wrapper.cfbundle; includeInIndex = 0; path = Assignment07UITests.xctest; sourceTree = BUILT_PRODUCTS_DIR; };
		3F749F8E1E41D03900165D12 /* Assignment07UITests.swift */ = {isa = PBXFileReference; lastKnownFileType = sourcecode.swift; path = Assignment07UITests.swift; sourceTree = "<group>"; };
		3F749F901E41D03900165D12 /* Info.plist */ = {isa = PBXFileReference; lastKnownFileType = text.plist.xml; path = Info.plist; sourceTree = "<group>"; };
/* End PBXFileReference section */

/* Begin PBXFrameworksBuildPhase section */
		3F749F681E41D03900165D12 /* Frameworks */ = {
			isa = PBXFrameworksBuildPhase;
			buildActionMask = 2147483647;
			files = (
			);
			runOnlyForDeploymentPostprocessing = 0;
		};
		3F749F7C1E41D03900165D12 /* Frameworks */ = {
			isa = PBXFrameworksBuildPhase;
			buildActionMask = 2147483647;
			files = (
			);
			runOnlyForDeploymentPostprocessing = 0;
		};
		3F749F871E41D03900165D12 /* Frameworks */ = {
			isa = PBXFrameworksBuildPhase;
			buildActionMask = 2147483647;
			files = (
			);
			runOnlyForDeploymentPostprocessing = 0;
		};
/* End PBXFrameworksBuildPhase section */

/* Begin PBXGroup section */
		3F749F621E41D03900165D12 = {
			isa = PBXGroup;
			children = (
				3F749F6D1E41D03900165D12 /* Assignment07 */,
				3F749F821E41D03900165D12 /* Assignment07Tests */,
				3F749F8D1E41D03900165D12 /* Assignment07UITests */,
				3F749F6C1E41D03900165D12 /* Products */,
			);
			sourceTree = "<group>";
		};
		3F749F6C1E41D03900165D12 /* Products */ = {
			isa = PBXGroup;
			children = (
				3F749F6B1E41D03900165D12 /* Assignment07.app */,
				3F749F7F1E41D03900165D12 /* Assignment07Tests.xctest */,
				3F749F8A1E41D03900165D12 /* Assignment07UITests.xctest */,
			);
			name = Products;
			sourceTree = "<group>";
		};
		3F749F6D1E41D03900165D12 /* Assignment07 */ = {
			isa = PBXGroup;
			children = (
				3F749F6E1E41D03900165D12 /* AppDelegate.swift */,
				3F749F701E41D03900165D12 /* ViewController.swift */,
				3F749F721E41D03900165D12 /* Main.storyboard */,
				3F749F751E41D03900165D12 /* Assets.xcassets */,
				3F749F771E41D03900165D12 /* LaunchScreen.storyboard */,
				3F749F7A1E41D03900165D12 /* Info.plist */,
			);
			path = Assignment07;
			sourceTree = "<group>";
		};
		3F749F821E41D03900165D12 /* Assignment07Tests */ = {
			isa = PBXGroup;
			children = (
				3F749F831E41D03900165D12 /* Assignment07Tests.swift */,
				3F749F851E41D03900165D12 /* Info.plist */,
			);
			path = Assignment07Tests;
			sourceTree = "<group>";
		};
		3F749F8D1E41D03900165D12 /* Assignment07UITests */ = {
			isa = PBXGroup;
			children = (
				3F749F8E1E41D03900165D12 /* Assignment07UITests.swift */,
				3F749F901E41D03900165D12 /* Info.plist */,
			);
			path = Assignment07UITests;
			sourceTree = "<group>";
		};
/* End PBXGroup section */

/* Begin PBXNativeTarget section */
		3F749F6A1E41D03900165D12 /* Assignment07 */ = {
			isa = PBXNativeTarget;
			buildConfigurationList = 3F749F931E41D03900165D12 /* Build configuration list for PBXNativeTarget "Assignment07" */;
			buildPhases = (
				3F749F671E41D03900165D12 /* Sources */,
				3F749F681E41D03900165D12 /* Frameworks */,
				3F749F691E41D03900165D12 /* Resources */,
			);
			buildRules = (
			);
			dependencies = (
			);
			name = Assignment07;
			productName = Assignment07;
			productReference = 3F749F6B1E41D03900165D12 /* Assignment07.app */;
			productType = "com.apple.product-type.application";
		};
		3F749F7E1E41D03900165D12 /* Assignment07Tests */ = {
			isa = PBXNativeTarget;
			buildConfigurationList = 3F749F961E41D03900165D12 /* Build configuration list for PBXNativeTarget "Assignment07Tests" */;
			buildPhases = (
				3F749F7B1E41D03900165D12 /* Sources */,
				3F749F7C1E41D03900165D12 /* Frameworks */,
				3F749F7D1E41D03900165D12 /* Resources */,
			);
			buildRules = (
			);
			dependencies = (
				3F749F811E41D03900165D12 /* PBXTargetDependency */,
			);
			name = Assignment07Tests;
			productName = Assignment07Tests;
			productReference = 3F749F7F1E41D03900165D12 /* Assignment07Tests.xctest */;
			productType = "com.apple.product-type.bundle.unit-test";
		};
		3F749F891E41D03900165D12 /* Assignment07UITests */ = {
			isa = PBXNativeTarget;
			buildConfigurationList = 3F749F991E41D03900165D12 /* Build configuration list for PBXNativeTarget "Assignment07UITests" */;
			buildPhases = (
				3F749F861E41D03900165D12 /* Sources */,
				3F749F871E41D03900165D12 /* Frameworks */,
				3F749F881E41D03900165D12 /* Resources */,
			);
			buildRules = (
			);
			dependencies = (
				3F749F8C1E41D03900165D12 /* PBXTargetDependency */,
			);
			name = Assignment07UITests;
			productName = Assignment07UITests;
			productReference = 3F749F8A1E41D03900165D12 /* Assignment07UITests.xctest */;
			productType = "com.apple.product-type.bundle.ui-testing";
		};
/* End PBXNativeTarget section */

/* Begin PBXProject section */
		3F749F631E41D03900165D12 /* Project object */ = {
			isa = PBXProject;
			attributes = {
				LastSwiftUpdateCheck = 0800;
				LastUpgradeCheck = 0800;
				ORGANIZATIONNAME = Student;
				TargetAttributes = {
					3F749F6A1E41D03900165D12 = {
						CreatedOnToolsVersion = 8.0;
						ProvisioningStyle = Automatic;
					};
					3F749F7E1E41D03900165D12 = {
						CreatedOnToolsVersion = 8.0;
						ProvisioningStyle = Automatic;
						TestTargetID = 3F749F6A1E41D03900165D12;
					};
					3F749F891E41D03900165D12 = {
						CreatedOnToolsVersion = 8.0;
						ProvisioningStyle = Automatic;
						TestTargetID = 3F749F6A1E41D03900165D12;
					};
				};
			};
			buildConfigurationList = 3F749F661E41D03900165D12 /* Build configuration list for PBXProject "Assignment07" */;
			compatibilityVersion = "Xcode 3.2";
			developmentRegion = English;
			hasScannedForEncodings = 0;
			knownRegions = (
				en,
				Base,
			);
			mainGroup = 3F749F621E41D03900165D12;
			productRefGroup = 3F749F6C1E41D03900165D12 /* Products */;
			projectDirPath = "";
			projectRoot = "";
			targets = (
				3F749F6A1E41D03900165D12 /* Assignment07 */,
				3F749F7E1E41D03900165D12 /* Assignment07Tests */,
				3F749F891E41D03900165D12 /* Assignment07UITests */,
			);
		};
/* End PBXProject section */

/* Begin PBXResourcesBuildPhase section */
		3F749F691E41D03900165D12 /* Resources */ = {
			isa = PBXResourcesBuildPhase;
			buildActionMask = 2147483647;
			files = (
				3F749F791E41D03900165D12 /* LaunchScreen.storyboard in Resources */,
				3F749F761E41D03900165D12 /* Assets.xcassets in Resources */,
				3F749F741E41D03900165D12 /* Main.storyboard in Resources */,
			);
			runOnlyForDeploymentPostprocessing = 0;
		};
		3F749F7D1E41D03900165D12 /* Resources */ = {
			isa = PBXResourcesBuildPhase;
			buildActionMask = 2147483647;
			files = (
			);
			runOnlyForDeploymentPostprocessing = 0;
		};
		3F749F881E41D03900165D12 /* Resources */ = {
			isa = PBXResourcesBuildPhase;
			buildActionMask = 2147483647;
			files = (
			);
			runOnlyForDeploymentPostprocessing = 0;
		};
/* End PBXResourcesBuildPhase section */

/* Begin PBXSourcesBuildPhase section */
		3F749F671E41D03900165D12 /* Sources */ = {
			isa = PBXSourcesBuildPhase;
			buildActionMask = 2147483647;
			files = (
				3F749F711E41D03900165D12 /* ViewController.swift in Sources */,
				3F749F6F1E41D03900165D12 /* AppDelegate.swift in Sources */,
			);
			runOnlyForDeploymentPostprocessing = 0;
		};
		3F749F7B1E41D03900165D12 /* Sources */ = {
			isa = PBXSourcesBuildPhase;
			buildActionMask = 2147483647;
			files = (
				3F749F841E41D03900165D12 /* Assignment07Tests.swift in Sources */,
			);
			runOnlyForDeploymentPostprocessing = 0;
		};
		3F749F861E41D03900165D12 /* Sources */ = {
			isa = PBXSourcesBuildPhase;
			buildActionMask = 2147483647;
			files = (
				3F749F8F1E41D03900165D12 /* Assignment07UITests.swift in Sources */,
			);
			runOnlyForDeploymentPostprocessing = 0;
		};
/* End PBXSourcesBuildPhase section */

/* Begin PBXTargetDependency section */
		3F749F811E41D03900165D12 /* PBXTargetDependency */ = {
			isa = PBXTargetDependency;
			target = 3F749F6A1E41D03900165D12 /* Assignment07 */;
			targetProxy = 3F749F801E41D03900165D12 /* PBXContainerItemProxy */;
		};
		3F749F8C1E41D03900165D12 /* PBXTargetDependency */ = {
			isa = PBXTargetDependency;
			target = 3F749F6A1E41D03900165D12 /* Assignment07 */;
			targetProxy = 3F749F8B1E41D03900165D12 /* PBXContainerItemProxy */;
		};
/* End PBXTargetDependency section */

/* Begin PBXVariantGroup section */
		3F749F721E41D03900165D12 /* Main.storyboard */ = {
			isa = PBXVariantGroup;
			children = (
				3F749F731E41D03900165D12 /* Base */,
			);
			name = Main.storyboard;
			sourceTree = "<group>";
		};
		3F749F771E41D03900165D12 /* LaunchScreen.storyboard */ = {
			isa = PBXVariantGroup;
			children = (
				3F749F781E41D03900165D12 /* Base */,
			);
			name = LaunchScreen.storyboard;
			sourceTree = "<group>";
		};
/* End PBXVariantGroup section */

/* Begin XCBuildConfiguration section */
		3F749F911E41D03900165D12 /* Debug */ = {
			isa = XCBuildConfiguration;
			buildSettings = {
				ALWAYS_SEARCH_USER_PATHS = NO;
				CLANG_ANALYZER_NONNULL = YES;
				CLANG_CXX_LANGUAGE_STANDARD = "gnu++0x";
				CLANG_CXX_LIBRARY = "libc++";
				CLANG_ENABLE_MODULES = YES;
				CLANG_ENABLE_OBJC_ARC = YES;
				CLANG_WARN_BOOL_CONVERSION = YES;
				CLANG_WARN_CONSTANT_CONVERSION = YES;
				CLANG_WARN_DIRECT_OBJC_ISA_USAGE = YES_ERROR;
				CLANG_WARN_DOCUMENTATION_COMMENTS = YES;
				CLANG_WARN_EMPTY_BODY = YES;
				CLANG_WARN_ENUM_CONVERSION = YES;
				CLANG_WARN_INFINITE_RECURSION = YES;
				CLANG_WARN_INT_CONVERSION = YES;
				CLANG_WARN_OBJC_ROOT_CLASS = YES_ERROR;
				CLANG_WARN_SUSPICIOUS_MOVES = YES;
				CLANG_WARN_UNREACHABLE_CODE = YES;
				CLANG_WARN__DUPLICATE_METHOD_MATCH = YES;
				"CODE_SIGN_IDENTITY[sdk=iphoneos*]" = "iPhone Developer";
				COPY_PHASE_STRIP = NO;
				DEBUG_INFORMATION_FORMAT = dwarf;
				ENABLE_STRICT_OBJC_MSGSEND = YES;
				ENABLE_TESTABILITY = YES;
				GCC_C_LANGUAGE_STANDARD = gnu99;
				GCC_DYNAMIC_NO_PIC = NO;
				GCC_NO_COMMON_BLOCKS = YES;
				GCC_OPTIMIZATION_LEVEL = 0;
				GCC_PREPROCESSOR_DEFINITIONS = (
					"DEBUG=1",
					"$(inherited)",
				);
				GCC_WARN_64_TO_32_BIT_CONVERSION = YES;
				GCC_WARN_ABOUT_RETURN_TYPE = YES_ERROR;
				GCC_WARN_UNDECLARED_SELECTOR = YES;
				GCC_WARN_UNINITIALIZED_AUTOS = YES_AGGRESSIVE;
				GCC_WARN_UNUSED_FUNCTION = YES;
				GCC_WARN_UNUSED_VARIABLE = YES;
				IPHONEOS_DEPLOYMENT_TARGET = 10.0;
				MTL_ENABLE_DEBUG_INFO = YES;
				ONLY_ACTIVE_ARCH = YES;
				SDKROOT = iphoneos;
				SWIFT_ACTIVE_COMPILATION_CONDITIONS = DEBUG;
				SWIFT_OPTIMIZATION_LEVEL = "-Onone";
				TARGETED_DEVICE_FAMILY = "1,2";
			};
			name = Debug;
		};
		3F749F921E41D03900165D12 /* Release */ = {
			isa = XCBuildConfiguration;
			buildSettings = {
				ALWAYS_SEARCH_USER_PATHS = NO;
				CLANG_ANALYZER_NONNULL = YES;
				CLANG_CXX_LANGUAGE_STANDARD = "gnu++0x";
				CLANG_CXX_LIBRARY = "libc++";
				CLANG_ENABLE_MODULES = YES;
				CLANG_ENABLE_OBJC_ARC = YES;
				CLANG_WARN_BOOL_CONVERSION = YES;
				CLANG_WARN_CONSTANT_CONVERSION = YES;
				CLANG_WARN_DIRECT_OBJC_ISA_USAGE = YES_ERROR;
				CLANG_WARN_DOCUMENTATION_COMMENTS = YES;
				CLANG_WARN_EMPTY_BODY = YES;
				CLANG_WARN_ENUM_CONVERSION = YES;
				CLANG_WARN_INFINITE_RECURSION = YES;
				CLANG_WARN_INT_CONVERSION = YES;
				CLANG_WARN_OBJC_ROOT_CLASS = YES_ERROR;
				CLANG_WARN_SUSPICIOUS_MOVES = YES;
				CLANG_WARN_UNREACHABLE_CODE = YES;
				CLANG_WARN__DUPLICATE_METHOD_MATCH = YES;
				"CODE_SIGN_IDENTITY[sdk=iphoneos*]" = "iPhone Developer";
				COPY_PHASE_STRIP = NO;
				DEBUG_INFORMATION_FORMAT = "dwarf-with-dsym";
				ENABLE_NS_ASSERTIONS = NO;
				ENABLE_STRICT_OBJC_MSGSEND = YES;
				GCC_C_LANGUAGE_STANDARD = gnu99;
				GCC_NO_COMMON_BLOCKS = YES;
				GCC_WARN_64_TO_32_BIT_CONVERSION = YES;
				GCC_WARN_ABOUT_RETURN_TYPE = YES_ERROR;
				GCC_WARN_UNDECLARED_SELECTOR = YES;
				GCC_WARN_UNINITIALIZED_AUTOS = YES_AGGRESSIVE;
				GCC_WARN_UNUSED_FUNCTION = YES;
				GCC_WARN_UNUSED_VARIABLE = YES;
				IPHONEOS_DEPLOYMENT_TARGET = 10.0;
				MTL_ENABLE_DEBUG_INFO = NO;
				SDKROOT = iphoneos;
				SWIFT_OPTIMIZATION_LEVEL = "-Owholemodule";
				TARGETED_DEVICE_FAMILY = "1,2";
				VALIDATE_PRODUCT = YES;
			};
			name = Release;
		};
		3F749F941E41D03900165D12 /* Debug */ = {
			isa = XCBuildConfiguration;
			buildSettings = {
				ASSETCATALOG_COMPILER_APPICON_NAME = AppIcon;
				INFOPLIST_FILE = Assignment07/Info.plist;
				LD_RUNPATH_SEARCH_PATHS = "$(inherited) @executable_path/Frameworks";
				PRODUCT_BUNDLE_IDENTIFIER = fhhagenberg.mc.sei.Assignment07;
				PRODUCT_NAME = "$(TARGET_NAME)";
				SWIFT_VERSION = 3.0;
			};
			name = Debug;
		};
		3F749F951E41D03900165D12 /* Release */ = {
			isa = XCBuildConfiguration;
			buildSettings = {
				ASSETCATALOG_COMPILER_APPICON_NAME = AppIcon;
				INFOPLIST_FILE = Assignment07/Info.plist;
				LD_RUNPATH_SEARCH_PATHS = "$(inherited) @executable_path/Frameworks";
				PRODUCT_BUNDLE_IDENTIFIER = fhhagenberg.mc.sei.Assignment07;
				PRODUCT_NAME = "$(TARGET_NAME)";
				SWIFT_VERSION = 3.0;
			};
			name = Release;
		};
		3F749F971E41D03900165D12 /* Debug */ = {
			isa = XCBuildConfiguration;
			buildSettings = {
				ALWAYS_EMBED_SWIFT_STANDARD_LIBRARIES = YES;
				BUNDLE_LOADER = "$(TEST_HOST)";
				INFOPLIST_FILE = Assignment07Tests/Info.plist;
				LD_RUNPATH_SEARCH_PATHS = "$(inherited) @executable_path/Frameworks @loader_path/Frameworks";
				PRODUCT_BUNDLE_IDENTIFIER = fhhagenberg.mc.sei.Assignment07Tests;
				PRODUCT_NAME = "$(TARGET_NAME)";
				SWIFT_VERSION = 3.0;
				TEST_HOST = "$(BUILT_PRODUCTS_DIR)/Assignment07.app/Assignment07";
			};
			name = Debug;
		};
		3F749F981E41D03900165D12 /* Release */ = {
			isa = XCBuildConfiguration;
			buildSettings = {
				ALWAYS_EMBED_SWIFT_STANDARD_LIBRARIES = YES;
				BUNDLE_LOADER = "$(TEST_HOST)";
				INFOPLIST_FILE = Assignment07Tests/Info.plist;
				LD_RUNPATH_SEARCH_PATHS = "$(inherited) @executable_path/Frameworks @loader_path/Frameworks";
				PRODUCT_BUNDLE_IDENTIFIER = fhhagenberg.mc.sei.Assignment07Tests;
				PRODUCT_NAME = "$(TARGET_NAME)";
				SWIFT_VERSION = 3.0;
				TEST_HOST = "$(BUILT_PRODUCTS_DIR)/Assignment07.app/Assignment07";
			};
			name = Release;
		};
		3F749F9A1E41D03900165D12 /* Debug */ = {
			isa = XCBuildConfiguration;
			buildSettings = {
				ALWAYS_EMBED_SWIFT_STANDARD_LIBRARIES = YES;
				INFOPLIST_FILE = Assignment07UITests/Info.plist;
				LD_RUNPATH_SEARCH_PATHS = "$(inherited) @executable_path/Frameworks @loader_path/Frameworks";
				PRODUCT_BUNDLE_IDENTIFIER = fhhagenberg.mc.sei.Assignment07UITests;
				PRODUCT_NAME = "$(TARGET_NAME)";
				SWIFT_VERSION = 3.0;
				TEST_TARGET_NAME = Assignment07;
			};
			name = Debug;
		};
		3F749F9B1E41D03900165D12 /* Release */ = {
			isa = XCBuildConfiguration;
			buildSettings = {
				ALWAYS_EMBED_SWIFT_STANDARD_LIBRARIES = YES;
				INFOPLIST_FILE = Assignment07UITests/Info.plist;
				LD_RUNPATH_SEARCH_PATHS = "$(inherited) @executable_path/Frameworks @loader_path/Frameworks";
				PRODUCT_BUNDLE_IDENTIFIER = fhhagenberg.mc.sei.Assignment07UITests;
				PRODUCT_NAME = "$(TARGET_NAME)";
				SWIFT_VERSION = 3.0;
				TEST_TARGET_NAME = Assignment07;
			};
			name = Release;
		};
/* End XCBuildConfiguration section */

/* Begin XCConfigurationList section */
		3F749F661E41D03900165D12 /* Build configuration list for PBXProject "Assignment07" */ = {
			isa = XCConfigurationList;
			buildConfigurations = (
				3F749F911E41D03900165D12 /* Debug */,
				3F749F921E41D03900165D12 /* Release */,
			);
			defaultConfigurationIsVisible = 0;
			defaultConfigurationName = Release;
		};
		3F749F931E41D03900165D12 /* Build configuration list for PBXNativeTarget "Assignment07" */ = {
			isa = XCConfigurationList;
			buildConfigurations = (
				3F749F941E41D03900165D12 /* Debug */,
				3F749F951E41D03900165D12 /* Release */,
			);
			defaultConfigurationIsVisible = 0;
		};
		3F749F961E41D03900165D12 /* Build configuration list for PBXNativeTarget "Assignment07Tests" */ = {
			isa = XCConfigurationList;
			buildConfigurations = (
				3F749F971E41D03900165D12 /* Debug */,
				3F749F981E41D03900165D12 /* Release */,
			);
			defaultConfigurationIsVisible = 0;
		};
		3F749F991E41D03900165D12 /* Build configuration list for PBXNativeTarget "Assignment07UITests" */ = {
			isa = XCConfigurationList;
			buildConfigurations = (
				3F749F9A1E41D03900165D12 /* Debug */,
				3F749F9B1E41D03900165D12 /* Release */,
			);
			defaultConfigurationIsVisible = 0;
		};
/* End XCConfigurationList section */
	};
	rootObject = 3F749F631E41D03900165D12 /* Project object */;
}
